# THIS IS AN AUTOGENERATED FILE. DO NOT EDIT THIS FILE DIRECTLY.
# yarn lockfile v1


accepts@1.3.3:
  version "1.3.3"
  resolved "https://registry.yarnpkg.com/accepts/-/accepts-1.3.3.tgz#c3ca7434938648c3e0d9c1e328dd68b622c284ca"
  dependencies:
    mime-types "~2.1.11"
    negotiator "0.6.1"

after@0.8.2:
  version "0.8.2"
  resolved "https://registry.yarnpkg.com/after/-/after-0.8.2.tgz#fedb394f9f0e02aa9768e702bda23b505fae7e1f"

arraybuffer.slice@0.0.6:
  version "0.0.6"
  resolved "https://registry.yarnpkg.com/arraybuffer.slice/-/arraybuffer.slice-0.0.6.tgz#f33b2159f0532a3f3107a272c0ccfbd1ad2979ca"

async@^1.4.0, async@^1.5.2:
  version "1.5.2"
  resolved "https://registry.yarnpkg.com/async/-/async-1.5.2.tgz#ec6a61ae56480c0c3cb241c95618e20892f9672a"

backo2@1.0.2:
  version "1.0.2"
  resolved "https://registry.yarnpkg.com/backo2/-/backo2-1.0.2.tgz#31ab1ac8b129363463e35b3ebb69f4dfcfba7947"

base64-arraybuffer@0.1.5:
  version "0.1.5"
  resolved "https://registry.yarnpkg.com/base64-arraybuffer/-/base64-arraybuffer-0.1.5.tgz#73926771923b5a19747ad666aa5cd4bf9c6e9ce8"

base64id@1.0.0:
  version "1.0.0"
  resolved "https://registry.yarnpkg.com/base64id/-/base64id-1.0.0.tgz#47688cb99bb6804f0e06d3e763b1c32e57d8e6b6"

better-assert@~1.0.0:
  version "1.0.2"
  resolved "https://registry.yarnpkg.com/better-assert/-/better-assert-1.0.2.tgz#40866b9e1b9e0b55b481894311e68faffaebc522"
  dependencies:
    callsite "1.0.0"

blob@0.0.4:
  version "0.0.4"
  resolved "https://registry.yarnpkg.com/blob/-/blob-0.0.4.tgz#bcf13052ca54463f30f9fc7e95b9a47630a94921"

callsite@1.0.0:
  version "1.0.0"
  resolved "https://registry.yarnpkg.com/callsite/-/callsite-1.0.0.tgz#280398e5d664bd74038b6f0905153e6e8af1bc20"

colors@^1.2.1:
  version "1.2.1"
  resolved "https://registry.yarnpkg.com/colors/-/colors-1.2.1.tgz#f4a3d302976aaf042356ba1ade3b1a2c62d9d794"

combined-stream@^1.0.5:
  version "1.0.6"
  resolved "https://registry.yarnpkg.com/combined-stream/-/combined-stream-1.0.6.tgz#723e7df6e801ac5613113a7e445a9b69cb632818"
  dependencies:
    delayed-stream "~1.0.0"

command-buffer@^0.1.0:
  version "0.1.0"
  resolved "https://registry.yarnpkg.com/command-buffer/-/command-buffer-0.1.0.tgz#ced3f40f77289314db91cb77ef3b00c332e8e268"

component-bind@1.0.0:
  version "1.0.0"
  resolved "https://registry.yarnpkg.com/component-bind/-/component-bind-1.0.0.tgz#00c608ab7dcd93897c0009651b1d3a8e1e73bbd1"

component-emitter@1.1.2:
  version "1.1.2"
  resolved "https://registry.yarnpkg.com/component-emitter/-/component-emitter-1.1.2.tgz#296594f2753daa63996d2af08d15a95116c9aec3"

component-emitter@1.2.1, component-emitter@~1.2.0:
  version "1.2.1"
  resolved "https://registry.yarnpkg.com/component-emitter/-/component-emitter-1.2.1.tgz#137918d6d78283f7df7a6b7c5a63e140e69425e6"

component-inherit@0.0.3:
  version "0.0.3"
  resolved "https://registry.yarnpkg.com/component-inherit/-/component-inherit-0.0.3.tgz#645fc4adf58b72b649d5cae65135619db26ff143"

cookie@0.3.1:
  version "0.3.1"
  resolved "https://registry.yarnpkg.com/cookie/-/cookie-0.3.1.tgz#e7e0a1f9ef43b4c8ba925c5c5a96e806d16873bb"

cookiejar@2.0.6:
  version "2.0.6"
  resolved "https://registry.yarnpkg.com/cookiejar/-/cookiejar-2.0.6.tgz#0abf356ad00d1c5a219d88d44518046dd026acfe"

core-util-is@~1.0.0:
  version "1.0.2"
  resolved "https://registry.yarnpkg.com/core-util-is/-/core-util-is-1.0.2.tgz#b5fd54220aa2bc5ab57aab7140c940754503c1a7"

debug@2:
  version "2.6.9"
  resolved "https://registry.yarnpkg.com/debug/-/debug-2.6.9.tgz#5d128515df134ff327e90a4c93f4e077a536341f"
  dependencies:
    ms "2.0.0"

debug@2.2.0:
  version "2.2.0"
  resolved "https://registry.yarnpkg.com/debug/-/debug-2.2.0.tgz#f87057e995b1a1f6ae6a4960664137bc56f039da"
  dependencies:
    ms "0.7.1"

debug@2.3.3:
  version "2.3.3"
  resolved "https://registry.yarnpkg.com/debug/-/debug-2.3.3.tgz#40c453e67e6e13c901ddec317af8986cda9eff8c"
  dependencies:
    ms "0.7.2"

delayed-stream@~1.0.0:
  version "1.0.0"
  resolved "https://registry.yarnpkg.com/delayed-stream/-/delayed-stream-1.0.0.tgz#df3ae199acadfb7d440aaae0b29e2272b24ec619"

engine.io-client@~1.8.4:
  version "1.8.5"
  resolved "https://registry.yarnpkg.com/engine.io-client/-/engine.io-client-1.8.5.tgz#fe7fb60cb0dcf2fa2859489329cb5968dedeb11f"
  dependencies:
    component-emitter "1.2.1"
    component-inherit "0.0.3"
    debug "2.3.3"
    engine.io-parser "1.3.2"
    has-cors "1.1.0"
    indexof "0.0.1"
    parsejson "0.0.3"
    parseqs "0.0.5"
    parseuri "0.0.5"
    ws "~1.1.5"
    xmlhttprequest-ssl "1.5.3"
    yeast "0.1.2"

engine.io-parser@1.3.2:
  version "1.3.2"
  resolved "https://registry.yarnpkg.com/engine.io-parser/-/engine.io-parser-1.3.2.tgz#937b079f0007d0893ec56d46cb220b8cb435220a"
  dependencies:
    after "0.8.2"
    arraybuffer.slice "0.0.6"
    base64-arraybuffer "0.1.5"
    blob "0.0.4"
    has-binary "0.1.7"
    wtf-8 "1.0.0"

engine.io@~1.8.4:
  version "1.8.5"
  resolved "https://registry.yarnpkg.com/engine.io/-/engine.io-1.8.5.tgz#4ebe5e75c6dc123dee4afdce6e5fdced21eb93f6"
  dependencies:
    accepts "1.3.3"
    base64id "1.0.0"
    cookie "0.3.1"
    debug "2.3.3"
    engine.io-parser "1.3.2"
    ws "~1.1.5"

extend@3.0.0:
  version "3.0.0"
  resolved "https://registry.yarnpkg.com/extend/-/extend-3.0.0.tgz#5a474353b9f3353ddd8176dfd37b91c83a46f1d4"

form-data@1.0.0-rc3:
  version "1.0.0-rc3"
  resolved "https://registry.yarnpkg.com/form-data/-/form-data-1.0.0-rc3.tgz#d35bc62e7fbc2937ae78f948aaa0d38d90607577"
  dependencies:
    async "^1.4.0"
    combined-stream "^1.0.5"
    mime-types "^2.1.3"

formidable@~1.0.14:
  version "1.0.17"
  resolved "https://registry.yarnpkg.com/formidable/-/formidable-1.0.17.tgz#ef5491490f9433b705faa77249c99029ae348559"

function-rate-limit@^1.1.0:
  version "1.1.0"
  resolved "https://registry.yarnpkg.com/function-rate-limit/-/function-rate-limit-1.1.0.tgz#eccdf1af918fc959eb6509058603e462e37fd683"

has-binary@0.1.7:
  version "0.1.7"
  resolved "https://registry.yarnpkg.com/has-binary/-/has-binary-0.1.7.tgz#68e61eb16210c9545a0a5cce06a873912fe1e68c"
  dependencies:
    isarray "0.0.1"

has-cors@1.1.0:
  version "1.1.0"
  resolved "https://registry.yarnpkg.com/has-cors/-/has-cors-1.1.0.tgz#5e474793f7ea9843d1bb99c23eef49ff126fff39"

ib@^0.2.4:
  version "0.2.4"
  resolved "https://registry.yarnpkg.com/ib/-/ib-0.2.4.tgz#c3b9a250e4ac0ee03c48d11a773739f2e0b17ce9"
  dependencies:
    command-buffer "^0.1.0"
    function-rate-limit "^1.1.0"
    lodash "^4.17.4"

indexof@0.0.1:
  version "0.0.1"
  resolved "https://registry.yarnpkg.com/indexof/-/indexof-0.0.1.tgz#82dc336d232b9062179d05ab3293a66059fd435d"

inherits@~2.0.1:
  version "2.0.3"
  resolved "https://registry.yarnpkg.com/inherits/-/inherits-2.0.3.tgz#633c2c83e3da42a502f52466022480f4208261de"

isarray@0.0.1:
  version "0.0.1"
  resolved "https://registry.yarnpkg.com/isarray/-/isarray-0.0.1.tgz#8a18acfca9a8f4177e09abfc6038939b05d1eedf"

json3@3.3.2:
  version "3.3.2"
  resolved "https://registry.yarnpkg.com/json3/-/json3-3.3.2.tgz#3c0434743df93e2f5c42aee7b19bcb483575f4e1"

lodash@^4.17.4:
  version "4.17.5"
  resolved "https://registry.yarnpkg.com/lodash/-/lodash-4.17.5.tgz#99a92d65c0272debe8c96b6057bc8fbfa3bed511"

methods@1.x, methods@~1.1.1:
  version "1.1.2"
  resolved "https://registry.yarnpkg.com/methods/-/methods-1.1.2.tgz#5529a4d67654134edcc5266656835b0f851afcee"

mime-db@~1.33.0:
  version "1.33.0"
  resolved "https://registry.yarnpkg.com/mime-db/-/mime-db-1.33.0.tgz#a3492050a5cb9b63450541e39d9788d2272783db"

mime-types@^2.1.3, mime-types@~2.1.11:
  version "2.1.18"
  resolved "https://registry.yarnpkg.com/mime-types/-/mime-types-2.1.18.tgz#6f323f60a83d11146f831ff11fd66e2fe5503bb8"
  dependencies:
    mime-db "~1.33.0"

mime@1.3.4:
  version "1.3.4"
  resolved "https://registry.yarnpkg.com/mime/-/mime-1.3.4.tgz#115f9e3b6b3daf2959983cb38f149a2d40eb5d53"

ms@0.7.1:
  version "0.7.1"
  resolved "https://registry.yarnpkg.com/ms/-/ms-0.7.1.tgz#9cd13c03adbff25b65effde7ce864ee952017098"

ms@0.7.2:
  version "0.7.2"
  resolved "https://registry.yarnpkg.com/ms/-/ms-0.7.2.tgz#ae25cf2512b3885a1d95d7f037868d8431124765"

ms@2.0.0:
  version "2.0.0"
  resolved "https://registry.yarnpkg.com/ms/-/ms-2.0.0.tgz#5608aeadfc00be6c2901df5f9861788de0d597c8"

negotiator@0.6.1:
  version "0.6.1"
  resolved "https://registry.yarnpkg.com/negotiator/-/negotiator-0.6.1.tgz#2b327184e8992101177b28563fb5e7102acd0ca9"

object-assign@4.1.0:
  version "4.1.0"
  resolved "https://registry.yarnpkg.com/object-assign/-/object-assign-4.1.0.tgz#7a3b3d0e98063d43f4c03f2e8ae6cd51a86883a0"

object-component@0.0.3:
  version "0.0.3"
  resolved "https://registry.yarnpkg.com/object-component/-/object-component-0.0.3.tgz#f0c69aa50efc95b866c186f400a33769cb2f1291"

options@>=0.0.5:
  version "0.0.6"
  resolved "https://registry.yarnpkg.com/options/-/options-0.0.6.tgz#ec22d312806bb53e731773e7cdaefcf1c643128f"

parsejson@0.0.3:
  version "0.0.3"
  resolved "https://registry.yarnpkg.com/parsejson/-/parsejson-0.0.3.tgz#ab7e3759f209ece99437973f7d0f1f64ae0e64ab"
  dependencies:
    better-assert "~1.0.0"

parseqs@0.0.5:
  version "0.0.5"
  resolved "https://registry.yarnpkg.com/parseqs/-/parseqs-0.0.5.tgz#d5208a3738e46766e291ba2ea173684921a8b89d"
  dependencies:
    better-assert "~1.0.0"

parseuri@0.0.5:
  version "0.0.5"
  resolved "https://registry.yarnpkg.com/parseuri/-/parseuri-0.0.5.tgz#80204a50d4dbb779bfdc6ebe2778d90e4bce320a"
  dependencies:
    better-assert "~1.0.0"

qs@2.3.3:
  version "2.3.3"
  resolved "https://registry.yarnpkg.com/qs/-/qs-2.3.3.tgz#e9e85adbe75da0bbe4c8e0476a086290f863b404"

readable-stream@1.0.27-1:
  version "1.0.27-1"
  resolved "https://registry.yarnpkg.com/readable-stream/-/readable-stream-1.0.27-1.tgz#6b67983c20357cefd07f0165001a16d710d91078"
  dependencies:
    core-util-is "~1.0.0"
    inherits "~2.0.1"
    isarray "0.0.1"
    string_decoder "~0.10.x"

reduce-component@1.0.1:
  version "1.0.1"
  resolved "https://registry.yarnpkg.com/reduce-component/-/reduce-component-1.0.1.tgz#e0c93542c574521bea13df0f9488ed82ab77c5da"

socket.io-adapter@0.5.0:
  version "0.5.0"
  resolved "https://registry.yarnpkg.com/socket.io-adapter/-/socket.io-adapter-0.5.0.tgz#cb6d4bb8bec81e1078b99677f9ced0046066bb8b"
  dependencies:
    debug "2.3.3"
    socket.io-parser "2.3.1"

socket.io-client@1.7.4:
  version "1.7.4"
  resolved "https://registry.yarnpkg.com/socket.io-client/-/socket.io-client-1.7.4.tgz#ec9f820356ed99ef6d357f0756d648717bdd4281"
  dependencies:
    backo2 "1.0.2"
    component-bind "1.0.0"
    component-emitter "1.2.1"
    debug "2.3.3"
    engine.io-client "~1.8.4"
    has-binary "0.1.7"
    indexof "0.0.1"
    object-component "0.0.3"
    parseuri "0.0.5"
    socket.io-parser "2.3.1"
    to-array "0.1.4"

socket.io-parser@2.3.1:
  version "2.3.1"
  resolved "https://registry.yarnpkg.com/socket.io-parser/-/socket.io-parser-2.3.1.tgz#dd532025103ce429697326befd64005fcfe5b4a0"
  dependencies:
    component-emitter "1.1.2"
    debug "2.2.0"
    isarray "0.0.1"
    json3 "3.3.2"

socket.io@^1.7.4:
  version "1.7.4"
  resolved "https://registry.yarnpkg.com/socket.io/-/socket.io-1.7.4.tgz#2f7ecedc3391bf2d5c73e291fe233e6e34d4dd00"
  dependencies:
    debug "2.3.3"
    engine.io "~1.8.4"
    has-binary "0.1.7"
    object-assign "4.1.0"
    socket.io-adapter "0.5.0"
    socket.io-client "1.7.4"
    socket.io-parser "2.3.1"

string_decoder@~0.10.x:
  version "0.10.31"
  resolved "https://registry.yarnpkg.com/string_decoder/-/string_decoder-0.10.31.tgz#62e203bc41766c6c28c9fc84301dab1c5310fa94"

superagent@^1.7.2:
  version "1.8.5"
  resolved "https://registry.yarnpkg.com/superagent/-/superagent-1.8.5.tgz#1c0ddc3af30e80eb84ebc05cb2122da8fe940b55"
  dependencies:
    component-emitter "~1.2.0"
    cookiejar "2.0.6"
    debug "2"
    extend "3.0.0"
    form-data "1.0.0-rc3"
    formidable "~1.0.14"
    methods "~1.1.1"
    mime "1.3.4"
    qs "2.3.3"
    readable-stream "1.0.27-1"
    reduce-component "1.0.1"

supertest@^1.2.0:
  version "1.2.0"
  resolved "https://registry.yarnpkg.com/supertest/-/supertest-1.2.0.tgz#850a795f9068d2faf19e01799ff09962e0ce43be"
  dependencies:
    methods "1.x"
    superagent "^1.7.2"

to-array@0.1.4:
  version "0.1.4"
  resolved "https://registry.yarnpkg.com/to-array/-/to-array-0.1.4.tgz#17e6c11f73dd4f3d74cda7a4ff3238e9ad9bf890"

ultron@1.0.x:
  version "1.0.2"
  resolved "https://registry.yarnpkg.com/ultron/-/ultron-1.0.2.tgz#ace116ab557cd197386a4e88f4685378c8b2e4fa"

ws@~1.1.5:
  version "1.1.5"
  resolved "https://registry.yarnpkg.com/ws/-/ws-1.1.5.tgz#cbd9e6e75e09fc5d2c90015f21f0c40875e0dd51"
  dependencies:
    options ">=0.0.5"
    ultron "1.0.x"

wtf-8@1.0.0:
  version "1.0.0"
  resolved "https://registry.yarnpkg.com/wtf-8/-/wtf-8-1.0.0.tgz#392d8ba2d0f1c34d1ee2d630f15d0efb68e1048a"

xmlhttprequest-ssl@1.5.3:
  version "1.5.3"
  resolved "https://registry.yarnpkg.com/xmlhttprequest-ssl/-/xmlhttprequest-ssl-1.5.3.tgz#185a888c04eca46c3e4070d99f7b49de3528992d"

yeast@0.1.2:
  version "0.1.2"
  resolved "https://registry.yarnpkg.com/yeast/-/yeast-0.1.2.tgz#008e06d8094320c372dbc2f8ed76a0ca6c8ac419"
